// !$*UTF8*$!
{
	archiveVersion = 1;
	classes = {
	};
	objectVersion = 51;
	objects = {

/* Begin PBXBuildFile section */
		129FFA52C4FD70E217F0ECA8 /* Pods_FlixsterUITests.framework in Frameworks */ = {isa = PBXBuildFile; fileRef = 588E906B1A68446C191E2A13 /* Pods_FlixsterUITests.framework */; };
		7952270925D2336E00E2A789 /* MovieDetailsController.swift in Sources */ = {isa = PBXBuildFile; fileRef = 7952270825D2336D00E2A789 /* MovieDetailsController.swift */; };
		7952270E25D241B600E2A789 /* MovieGridViewController.swift in Sources */ = {isa = PBXBuildFile; fileRef = 7952270D25D241B600E2A789 /* MovieGridViewController.swift */; };
		7952271325D244A100E2A789 /* MovieGridViewCell.swift in Sources */ = {isa = PBXBuildFile; fileRef = 7952271225D244A100E2A789 /* MovieGridViewCell.swift */; };
		79DCF65C25C7B52300EDBE78 /* AppDelegate.swift in Sources */ = {isa = PBXBuildFile; fileRef = 79DCF65B25C7B52300EDBE78 /* AppDelegate.swift */; };
		79DCF65E25C7B52300EDBE78 /* SceneDelegate.swift in Sources */ = {isa = PBXBuildFile; fileRef = 79DCF65D25C7B52300EDBE78 /* SceneDelegate.swift */; };
		79DCF66325C7B52300EDBE78 /* Main.storyboard in Resources */ = {isa = PBXBuildFile; fileRef = 79DCF66125C7B52300EDBE78 /* Main.storyboard */; };
		79DCF66525C7B52600EDBE78 /* Assets.xcassets in Resources */ = {isa = PBXBuildFile; fileRef = 79DCF66425C7B52600EDBE78 /* Assets.xcassets */; };
		79DCF66825C7B52600EDBE78 /* LaunchScreen.storyboard in Resources */ = {isa = PBXBuildFile; fileRef = 79DCF66625C7B52600EDBE78 /* LaunchScreen.storyboard */; };
		79DCF67325C7B52700EDBE78 /* FlixsterTests.swift in Sources */ = {isa = PBXBuildFile; fileRef = 79DCF67225C7B52700EDBE78 /* FlixsterTests.swift */; };
		79DCF67E25C7B52700EDBE78 /* FlixsterUITests.swift in Sources */ = {isa = PBXBuildFile; fileRef = 79DCF67D25C7B52700EDBE78 /* FlixsterUITests.swift */; };
		79DCF68F25C7B74F00EDBE78 /* MoviesViewController.swift in Sources */ = {isa = PBXBuildFile; fileRef = 79DCF68E25C7B74F00EDBE78 /* MoviesViewController.swift */; };
		79DCF69425C7B91500EDBE78 /* MovieViewCell.swift in Sources */ = {isa = PBXBuildFile; fileRef = 79DCF69325C7B91500EDBE78 /* MovieViewCell.swift */; };
		A063FEAC0F2C0841E0F1C0B6 /* Pods_FlixsterTests.framework in Frameworks */ = {isa = PBXBuildFile; fileRef = 924715D31C6CB59607488DB6 /* Pods_FlixsterTests.framework */; };
		A4980A055AE154D1796C86A1 /* Pods_Flixster.framework in Frameworks */ = {isa = PBXBuildFile; fileRef = C9C4317B2026B5125DC5100D /* Pods_Flixster.framework */; };
/* End PBXBuildFile section */

/* Begin PBXContainerItemProxy section */
		79DCF66F25C7B52600EDBE78 /* PBXContainerItemProxy */ = {
			isa = PBXContainerItemProxy;
			containerPortal = 79DCF65025C7B52300EDBE78 /* Project object */;
			proxyType = 1;
			remoteGlobalIDString = 79DCF65725C7B52300EDBE78;
			remoteInfo = Flixster;
		};
		79DCF67A25C7B52700EDBE78 /* PBXContainerItemProxy */ = {
			isa = PBXContainerItemProxy;
			containerPortal = 79DCF65025C7B52300EDBE78 /* Project object */;
			proxyType = 1;
			remoteGlobalIDString = 79DCF65725C7B52300EDBE78;
			remoteInfo = Flixster;
		};
/* End PBXContainerItemProxy section */

/* Begin PBXFileReference section */
		061F832D08F22263722FCFA0 /* Pods-FlixsterTests.debug.xcconfig */ = {isa = PBXFileReference; includeInIndex = 1; lastKnownFileType = text.xcconfig; name = "Pods-FlixsterTests.debug.xcconfig"; path = "Target Support Files/Pods-FlixsterTests/Pods-FlixsterTests.debug.xcconfig"; sourceTree = "<group>"; };
		0C1447530F3168BA1F3EBE50 /* Pods-FlixsterUITests.debug.xcconfig */ = {isa = PBXFileReference; includeInIndex = 1; lastKnownFileType = text.xcconfig; name = "Pods-FlixsterUITests.debug.xcconfig"; path = "Target Support Files/Pods-FlixsterUITests/Pods-FlixsterUITests.debug.xcconfig"; sourceTree = "<group>"; };
		296278A08AC55C6FB31046D7 /* Pods-FlixsterUITests.release.xcconfig */ = {isa = PBXFileReference; includeInIndex = 1; lastKnownFileType = text.xcconfig; name = "Pods-FlixsterUITests.release.xcconfig"; path = "Target Support Files/Pods-FlixsterUITests/Pods-FlixsterUITests.release.xcconfig"; sourceTree = "<group>"; };
		588E906B1A68446C191E2A13 /* Pods_FlixsterUITests.framework */ = {isa = PBXFileReference; explicitFileType = wrapper.framework; includeInIndex = 0; path = Pods_FlixsterUITests.framework; sourceTree = BUILT_PRODUCTS_DIR; };
		7952270825D2336D00E2A789 /* MovieDetailsController.swift */ = {isa = PBXFileReference; lastKnownFileType = sourcecode.swift; path = MovieDetailsController.swift; sourceTree = "<group>"; };
		7952270D25D241B600E2A789 /* MovieGridViewController.swift */ = {isa = PBXFileReference; lastKnownFileType = sourcecode.swift; path = MovieGridViewController.swift; sourceTree = "<group>"; };
		7952271225D244A100E2A789 /* MovieGridViewCell.swift */ = {isa = PBXFileReference; lastKnownFileType = sourcecode.swift; path = MovieGridViewCell.swift; sourceTree = "<group>"; };
		79DCF65825C7B52300EDBE78 /* Flixster.app */ = {isa = PBXFileReference; explicitFileType = wrapper.application; includeInIndex = 0; path = Flixster.app; sourceTree = BUILT_PRODUCTS_DIR; };
		79DCF65B25C7B52300EDBE78 /* AppDelegate.swift */ = {isa = PBXFileReference; lastKnownFileType = sourcecode.swift; path = AppDelegate.swift; sourceTree = "<group>"; };
		79DCF65D25C7B52300EDBE78 /* SceneDelegate.swift */ = {isa = PBXFileReference; lastKnownFileType = sourcecode.swift; path = SceneDelegate.swift; sourceTree = "<group>"; };
		79DCF66225C7B52300EDBE78 /* Base */ = {isa = PBXFileReference; lastKnownFileType = file.storyboard; name = Base; path = Base.lproj/Main.storyboard; sourceTree = "<group>"; };
		79DCF66425C7B52600EDBE78 /* Assets.xcassets */ = {isa = PBXFileReference; lastKnownFileType = folder.assetcatalog; path = Assets.xcassets; sourceTree = "<group>"; };
		79DCF66725C7B52600EDBE78 /* Base */ = {isa = PBXFileReference; lastKnownFileType = file.storyboard; name = Base; path = Base.lproj/LaunchScreen.storyboard; sourceTree = "<group>"; };
		79DCF66925C7B52600EDBE78 /* Info.plist */ = {isa = PBXFileReference; lastKnownFileType = text.plist.xml; path = Info.plist; sourceTree = "<group>"; };
		79DCF66E25C7B52600EDBE78 /* FlixsterTests.xctest */ = {isa = PBXFileReference; explicitFileType = wrapper.cfbundle; includeInIndex = 0; path = FlixsterTests.xctest; sourceTree = BUILT_PRODUCTS_DIR; };
		79DCF67225C7B52700EDBE78 /* FlixsterTests.swift */ = {isa = PBXFileReference; lastKnownFileType = sourcecode.swift; path = FlixsterTests.swift; sourceTree = "<group>"; };
		79DCF67425C7B52700EDBE78 /* Info.plist */ = {isa = PBXFileReference; lastKnownFileType = text.plist.xml; path = Info.plist; sourceTree = "<group>"; };
		79DCF67925C7B52700EDBE78 /* FlixsterUITests.xctest */ = {isa = PBXFileReference; explicitFileType = wrapper.cfbundle; includeInIndex = 0; path = FlixsterUITests.xctest; sourceTree = BUILT_PRODUCTS_DIR; };
		79DCF67D25C7B52700EDBE78 /* FlixsterUITests.swift */ = {isa = PBXFileReference; lastKnownFileType = sourcecode.swift; path = FlixsterUITests.swift; sourceTree = "<group>"; };
		79DCF67F25C7B52700EDBE78 /* Info.plist */ = {isa = PBXFileReference; lastKnownFileType = text.plist.xml; path = Info.plist; sourceTree = "<group>"; };
		79DCF68E25C7B74F00EDBE78 /* MoviesViewController.swift */ = {isa = PBXFileReference; lastKnownFileType = sourcecode.swift; path = MoviesViewController.swift; sourceTree = "<group>"; };
		79DCF69325C7B91500EDBE78 /* MovieViewCell.swift */ = {isa = PBXFileReference; lastKnownFileType = sourcecode.swift; path = MovieViewCell.swift; sourceTree = "<group>"; };
		8DCD6D88C52F68BFBC8D63E2 /* Pods-FlixsterTests.release.xcconfig */ = {isa = PBXFileReference; includeInIndex = 1; lastKnownFileType = text.xcconfig; name = "Pods-FlixsterTests.release.xcconfig"; path = "Target Support Files/Pods-FlixsterTests/Pods-FlixsterTests.release.xcconfig"; sourceTree = "<group>"; };
		924715D31C6CB59607488DB6 /* Pods_FlixsterTests.framework */ = {isa = PBXFileReference; explicitFileType = wrapper.framework; includeInIndex = 0; path = Pods_FlixsterTests.framework; sourceTree = BUILT_PRODUCTS_DIR; };
		999847F5EC669C62CA35C239 /* Pods-Flixster.debug.xcconfig */ = {isa = PBXFileReference; includeInIndex = 1; lastKnownFileType = text.xcconfig; name = "Pods-Flixster.debug.xcconfig"; path = "Target Support Files/Pods-Flixster/Pods-Flixster.debug.xcconfig"; sourceTree = "<group>"; };
		B5D6441E9B2E9AE3955BF4F6 /* Pods-Flixster.release.xcconfig */ = {isa = PBXFileReference; includeInIndex = 1; lastKnownFileType = text.xcconfig; name = "Pods-Flixster.release.xcconfig"; path = "Target Support Files/Pods-Flixster/Pods-Flixster.release.xcconfig"; sourceTree = "<group>"; };
		C9C4317B2026B5125DC5100D /* Pods_Flixster.framework */ = {isa = PBXFileReference; explicitFileType = wrapper.framework; includeInIndex = 0; path = Pods_Flixster.framework; sourceTree = BUILT_PRODUCTS_DIR; };
/* End PBXFileReference section */

/* Begin PBXFrameworksBuildPhase section */
		79DCF65525C7B52300EDBE78 /* Frameworks */ = {
			isa = PBXFrameworksBuildPhase;
			buildActionMask = 2147483647;
			files = (
				A4980A055AE154D1796C86A1 /* Pods_Flixster.framework in Frameworks */,
			);
			runOnlyForDeploymentPostprocessing = 0;
		};
		79DCF66B25C7B52600EDBE78 /* Frameworks */ = {
			isa = PBXFrameworksBuildPhase;
			buildActionMask = 2147483647;
			files = (
				A063FEAC0F2C0841E0F1C0B6 /* Pods_FlixsterTests.framework in Frameworks */,
			);
			runOnlyForDeploymentPostprocessing = 0;
		};
		79DCF67625C7B52700EDBE78 /* Frameworks */ = {
			isa = PBXFrameworksBuildPhase;
			buildActionMask = 2147483647;
			files = (
				129FFA52C4FD70E217F0ECA8 /* Pods_FlixsterUITests.framework in Frameworks */,
			);
			runOnlyForDeploymentPostprocessing = 0;
		};
/* End PBXFrameworksBuildPhase section */

/* Begin PBXGroup section */
		267BAC0D81649939501749D1 /* Frameworks */ = {
			isa = PBXGroup;
			children = (
				C9C4317B2026B5125DC5100D /* Pods_Flixster.framework */,
				924715D31C6CB59607488DB6 /* Pods_FlixsterTests.framework */,
				588E906B1A68446C191E2A13 /* Pods_FlixsterUITests.framework */,
			);
			name = Frameworks;
			sourceTree = "<group>";
		};
		5ABB84EDC7A20D0775F4879B /* Pods */ = {
			isa = PBXGroup;
			children = (
				999847F5EC669C62CA35C239 /* Pods-Flixster.debug.xcconfig */,
				B5D6441E9B2E9AE3955BF4F6 /* Pods-Flixster.release.xcconfig */,
				061F832D08F22263722FCFA0 /* Pods-FlixsterTests.debug.xcconfig */,
				8DCD6D88C52F68BFBC8D63E2 /* Pods-FlixsterTests.release.xcconfig */,
				0C1447530F3168BA1F3EBE50 /* Pods-FlixsterUITests.debug.xcconfig */,
				296278A08AC55C6FB31046D7 /* Pods-FlixsterUITests.release.xcconfig */,
			);
			path = Pods;
			sourceTree = "<group>";
		};
		79DCF64F25C7B52300EDBE78 = {
			isa = PBXGroup;
			children = (
				79DCF65A25C7B52300EDBE78 /* Flixster */,
				79DCF67125C7B52600EDBE78 /* FlixsterTests */,
				79DCF67C25C7B52700EDBE78 /* FlixsterUITests */,
				79DCF65925C7B52300EDBE78 /* Products */,
				5ABB84EDC7A20D0775F4879B /* Pods */,
				267BAC0D81649939501749D1 /* Frameworks */,
			);
			sourceTree = "<group>";
		};
		79DCF65925C7B52300EDBE78 /* Products */ = {
			isa = PBXGroup;
			children = (
				79DCF65825C7B52300EDBE78 /* Flixster.app */,
				79DCF66E25C7B52600EDBE78 /* FlixsterTests.xctest */,
				79DCF67925C7B52700EDBE78 /* FlixsterUITests.xctest */,
			);
			name = Products;
			sourceTree = "<group>";
		};
		79DCF65A25C7B52300EDBE78 /* Flixster */ = {
			isa = PBXGroup;
			children = (
				79DCF65B25C7B52300EDBE78 /* AppDelegate.swift */,
				79DCF65D25C7B52300EDBE78 /* SceneDelegate.swift */,
				79DCF66125C7B52300EDBE78 /* Main.storyboard */,
				79DCF66425C7B52600EDBE78 /* Assets.xcassets */,
				79DCF66625C7B52600EDBE78 /* LaunchScreen.storyboard */,
				79DCF66925C7B52600EDBE78 /* Info.plist */,
				79DCF68E25C7B74F00EDBE78 /* MoviesViewController.swift */,
				79DCF69325C7B91500EDBE78 /* MovieViewCell.swift */,
				7952270825D2336D00E2A789 /* MovieDetailsController.swift */,
				7952270D25D241B600E2A789 /* MovieGridViewController.swift */,
				7952271225D244A100E2A789 /* MovieGridViewCell.swift */,
			);
			path = Flixster;
			sourceTree = "<group>";
		};
		79DCF67125C7B52600EDBE78 /* FlixsterTests */ = {
			isa = PBXGroup;
			children = (
				79DCF67225C7B52700EDBE78 /* FlixsterTests.swift */,
				79DCF67425C7B52700EDBE78 /* Info.plist */,
			);
			path = FlixsterTests;
			sourceTree = "<group>";
		};
		79DCF67C25C7B52700EDBE78 /* FlixsterUITests */ = {
			isa = PBXGroup;
			children = (
				79DCF67D25C7B52700EDBE78 /* FlixsterUITests.swift */,
				79DCF67F25C7B52700EDBE78 /* Info.plist */,
			);
			path = FlixsterUITests;
			sourceTree = "<group>";
		};
/* End PBXGroup section */

/* Begin PBXNativeTarget section */
		79DCF65725C7B52300EDBE78 /* Flixster */ = {
			isa = PBXNativeTarget;
			buildConfigurationList = 79DCF68225C7B52700EDBE78 /* Build configuration list for PBXNativeTarget "Flixster" */;
			buildPhases = (
				E89A10AE3A50980940AF7DB8 /* [CP] Check Pods Manifest.lock */,
				79DCF65425C7B52300EDBE78 /* Sources */,
				79DCF65525C7B52300EDBE78 /* Frameworks */,
				79DCF65625C7B52300EDBE78 /* Resources */,
				AEED338C4D7A306C8E1A5F14 /* [CP] Embed Pods Frameworks */,
			);
			buildRules = (
			);
			dependencies = (
			);
			name = Flixster;
			productName = Flixster;
			productReference = 79DCF65825C7B52300EDBE78 /* Flixster.app */;
			productType = "com.apple.product-type.application";
		};
		79DCF66D25C7B52600EDBE78 /* FlixsterTests */ = {
			isa = PBXNativeTarget;
			buildConfigurationList = 79DCF68525C7B52700EDBE78 /* Build configuration list for PBXNativeTarget "FlixsterTests" */;
			buildPhases = (
				124B67283FC8E79E3698634F /* [CP] Check Pods Manifest.lock */,
				79DCF66A25C7B52600EDBE78 /* Sources */,
				79DCF66B25C7B52600EDBE78 /* Frameworks */,
				79DCF66C25C7B52600EDBE78 /* Resources */,
			);
			buildRules = (
			);
			dependencies = (
				79DCF67025C7B52600EDBE78 /* PBXTargetDependency */,
			);
			name = FlixsterTests;
			productName = FlixsterTests;
			productReference = 79DCF66E25C7B52600EDBE78 /* FlixsterTests.xctest */;
			productType = "com.apple.product-type.bundle.unit-test";
		};
		79DCF67825C7B52700EDBE78 /* FlixsterUITests */ = {
			isa = PBXNativeTarget;
			buildConfigurationList = 79DCF68825C7B52700EDBE78 /* Build configuration list for PBXNativeTarget "FlixsterUITests" */;
			buildPhases = (
				B38201E9349DED4550304668 /* [CP] Check Pods Manifest.lock */,
				79DCF67525C7B52700EDBE78 /* Sources */,
				79DCF67625C7B52700EDBE78 /* Frameworks */,
				79DCF67725C7B52700EDBE78 /* Resources */,
			);
			buildRules = (
			);
			dependencies = (
				79DCF67B25C7B52700EDBE78 /* PBXTargetDependency */,
			);
			name = FlixsterUITests;
			productName = FlixsterUITests;
			productReference = 79DCF67925C7B52700EDBE78 /* FlixsterUITests.xctest */;
			productType = "com.apple.product-type.bundle.ui-testing";
		};
/* End PBXNativeTarget section */

/* Begin PBXProject section */
		79DCF65025C7B52300EDBE78 /* Project object */ = {
			isa = PBXProject;
			attributes = {
				LastSwiftUpdateCheck = 1230;
				LastUpgradeCheck = 1230;
				TargetAttributes = {
					79DCF65725C7B52300EDBE78 = {
						CreatedOnToolsVersion = 12.3;
					};
					79DCF66D25C7B52600EDBE78 = {
						CreatedOnToolsVersion = 12.3;
						TestTargetID = 79DCF65725C7B52300EDBE78;
					};
					79DCF67825C7B52700EDBE78 = {
						CreatedOnToolsVersion = 12.3;
						TestTargetID = 79DCF65725C7B52300EDBE78;
					};
				};
			};
			buildConfigurationList = 79DCF65325C7B52300EDBE78 /* Build configuration list for PBXProject "Flixster" */;
			compatibilityVersion = "Xcode 9.3";
			developmentRegion = en;
			hasScannedForEncodings = 0;
			knownRegions = (
				en,
				Base,
			);
			mainGroup = 79DCF64F25C7B52300EDBE78;
			productRefGroup = 79DCF65925C7B52300EDBE78 /* Products */;
			projectDirPath = "";
			projectRoot = "";
			targets = (
				79DCF65725C7B52300EDBE78 /* Flixster */,
				79DCF66D25C7B52600EDBE78 /* FlixsterTests */,
				79DCF67825C7B52700EDBE78 /* FlixsterUITests */,
			);
		};
/* End PBXProject section */

/* Begin PBXResourcesBuildPhase section */
		79DCF65625C7B52300EDBE78 /* Resources */ = {
			isa = PBXResourcesBuildPhase;
			buildActionMask = 2147483647;
			files = (
				79DCF66825C7B52600EDBE78 /* LaunchScreen.storyboard in Resources */,
				79DCF66525C7B52600EDBE78 /* Assets.xcassets in Resources */,
				79DCF66325C7B52300EDBE78 /* Main.storyboard in Resources */,
			);
			runOnlyForDeploymentPostprocessing = 0;
		};
		79DCF66C25C7B52600EDBE78 /* Resources */ = {
			isa = PBXResourcesBuildPhase;
			buildActionMask = 2147483647;
			files = (
			);
			runOnlyForDeploymentPostprocessing = 0;
		};
		79DCF67725C7B52700EDBE78 /* Resources */ = {
			isa = PBXResourcesBuildPhase;
			buildActionMask = 2147483647;
			files = (
			);
			runOnlyForDeploymentPostprocessing = 0;
		};
/* End PBXResourcesBuildPhase section */

/* Begin PBXShellScriptBuildPhase section */
		124B67283FC8E79E3698634F /* [CP] Check Pods Manifest.lock */ = {
			isa = PBXShellScriptBuildPhase;
			buildActionMask = 2147483647;
			files = (
			);
			inputFileListPaths = (
			);
			inputPaths = (
				"${PODS_PODFILE_DIR_PATH}/Podfile.lock",
				"${PODS_ROOT}/Manifest.lock",
			);
			name = "[CP] Check Pods Manifest.lock";
			outputFileListPaths = (
			);
			outputPaths = (
				"$(DERIVED_FILE_DIR)/Pods-FlixsterTests-checkManifestLockResult.txt",
			);
			runOnlyForDeploymentPostprocessing = 0;
			shellPath = /bin/sh;
			shellScript = "diff \"${PODS_PODFILE_DIR_PATH}/Podfile.lock\" \"${PODS_ROOT}/Manifest.lock\" > /dev/null\nif [ $? != 0 ] ; then\n    # print error to STDERR\n    echo \"error: The sandbox is not in sync with the Podfile.lock. Run 'pod install' or update your CocoaPods installation.\" >&2\n    exit 1\nfi\n# This output is used by Xcode 'outputs' to avoid re-running this script phase.\necho \"SUCCESS\" > \"${SCRIPT_OUTPUT_FILE_0}\"\n";
			showEnvVarsInLog = 0;
		};
		AEED338C4D7A306C8E1A5F14 /* [CP] Embed Pods Frameworks */ = {
			isa = PBXShellScriptBuildPhase;
			buildActionMask = 2147483647;
			files = (
			);
			inputFileListPaths = (
				"${PODS_ROOT}/Target Support Files/Pods-Flixster/Pods-Flixster-frameworks-${CONFIGURATION}-input-files.xcfilelist",
			);
			name = "[CP] Embed Pods Frameworks";
			outputFileListPaths = (
				"${PODS_ROOT}/Target Support Files/Pods-Flixster/Pods-Flixster-frameworks-${CONFIGURATION}-output-files.xcfilelist",
			);
			runOnlyForDeploymentPostprocessing = 0;
			shellPath = /bin/sh;
			shellScript = "\"${PODS_ROOT}/Target Support Files/Pods-Flixster/Pods-Flixster-frameworks.sh\"\n";
			showEnvVarsInLog = 0;
		};
		B38201E9349DED4550304668 /* [CP] Check Pods Manifest.lock */ = {
			isa = PBXShellScriptBuildPhase;
			buildActionMask = 2147483647;
			files = (
			);
			inputFileListPaths = (
			);
			inputPaths = (
				"${PODS_PODFILE_DIR_PATH}/Podfile.lock",
				"${PODS_ROOT}/Manifest.lock",
			);
			name = "[CP] Check Pods Manifest.lock";
			outputFileListPaths = (
			);
			outputPaths = (
				"$(DERIVED_FILE_DIR)/Pods-FlixsterUITests-checkManifestLockResult.txt",
			);
			runOnlyForDeploymentPostprocessing = 0;
			shellPath = /bin/sh;
			shellScript = "diff \"${PODS_PODFILE_DIR_PATH}/Podfile.lock\" \"${PODS_ROOT}/Manifest.lock\" > /dev/null\nif [ $? != 0 ] ; then\n    # print error to STDERR\n    echo \"error: The sandbox is not in sync with the Podfile.lock. Run 'pod install' or update your CocoaPods installation.\" >&2\n    exit 1\nfi\n# This output is used by Xcode 'outputs' to avoid re-running this script phase.\necho \"SUCCESS\" > \"${SCRIPT_OUTPUT_FILE_0}\"\n";
			showEnvVarsInLog = 0;
		};
		E89A10AE3A50980940AF7DB8 /* [CP] Check Pods Manifest.lock */ = {
			isa = PBXShellScriptBuildPhase;
			buildActionMask = 2147483647;
			files = (
			);
			inputFileListPaths = (
			);
			inputPaths = (
				"${PODS_PODFILE_DIR_PATH}/Podfile.lock",
				"${PODS_ROOT}/Manifest.lock",
			);
			name = "[CP] Check Pods Manifest.lock";
			outputFileListPaths = (
			);
			outputPaths = (
				"$(DERIVED_FILE_DIR)/Pods-Flixster-checkManifestLockResult.txt",
			);
			runOnlyForDeploymentPostprocessing = 0;
			shellPath = /bin/sh;
			shellScript = "diff \"${PODS_PODFILE_DIR_PATH}/Podfile.lock\" \"${PODS_ROOT}/Manifest.lock\" > /dev/null\nif [ $? != 0 ] ; then\n    # print error to STDERR\n    echo \"error: The sandbox is not in sync with the Podfile.lock. Run 'pod install' or update your CocoaPods installation.\" >&2\n    exit 1\nfi\n# This output is used by Xcode 'outputs' to avoid re-running this script phase.\necho \"SUCCESS\" > \"${SCRIPT_OUTPUT_FILE_0}\"\n";
			showEnvVarsInLog = 0;
		};
/* End PBXShellScriptBuildPhase section */

/* Begin PBXSourcesBuildPhase section */
		79DCF65425C7B52300EDBE78 /* Sources */ = {
			isa = PBXSourcesBuildPhase;
			buildActionMask = 2147483647;
			files = (
				7952271325D244A100E2A789 /* MovieGridViewCell.swift in Sources */,
				79DCF65C25C7B52300EDBE78 /* AppDelegate.swift in Sources */,
				79DCF69425C7B91500EDBE78 /* MovieViewCell.swift in Sources */,
				7952270925D2336E00E2A789 /* MovieDetailsController.swift in Sources */,
				79DCF65E25C7B52300EDBE78 /* SceneDelegate.swift in Sources */,
				79DCF68F25C7B74F00EDBE78 /* MoviesViewController.swift in Sources */,
				7952270E25D241B600E2A789 /* MovieGridViewController.swift in Sources */,
			);
			runOnlyForDeploymentPostprocessing = 0;
		};
		79DCF66A25C7B52600EDBE78 /* Sources */ = {
			isa = PBXSourcesBuildPhase;
			buildActionMask = 2147483647;
			files = (
				79DCF67325C7B52700EDBE78 /* FlixsterTests.swift in Sources */,
			);
			runOnlyForDeploymentPostprocessing = 0;
		};
		79DCF67525C7B52700EDBE78 /* Sources */ = {
			isa = PBXSourcesBuildPhase;
			buildActionMask = 2147483647;
			files = (
				79DCF67E25C7B52700EDBE78 /* FlixsterUITests.swift in Sources */,
			);
			runOnlyForDeploymentPostprocessing = 0;
		};
/* End PBXSourcesBuildPhase section */

/* Begin PBXTargetDependency section */
		79DCF67025C7B52600EDBE78 /* PBXTargetDependency */ = {
			isa = PBXTargetDependency;
			target = 79DCF65725C7B52300EDBE78 /* Flixster */;
			targetProxy = 79DCF66F25C7B52600EDBE78 /* PBXContainerItemProxy */;
		};
		79DCF67B25C7B52700EDBE78 /* PBXTargetDependency */ = {
			isa = PBXTargetDependency;
			target = 79DCF65725C7B52300EDBE78 /* Flixster */;
			targetProxy = 79DCF67A25C7B52700EDBE78 /* PBXContainerItemProxy */;
		};
/* End PBXTargetDependency section */

/* Begin PBXVariantGroup section */
		79DCF66125C7B52300EDBE78 /* Main.storyboard */ = {
			isa = PBXVariantGroup;
			children = (
				79DCF66225C7B52300EDBE78 /* Base */,
			);
			name = Main.storyboard;
			sourceTree = "<group>";
		};
		79DCF66625C7B52600EDBE78 /* LaunchScreen.storyboard */ = {
			isa = PBXVariantGroup;
			children = (
				79DCF66725C7B52600EDBE78 /* Base */,
			);
			name = LaunchScreen.storyboard;
			sourceTree = "<group>";
		};
/* End PBXVariantGroup section */

/* Begin XCBuildConfiguration section */
		79DCF68025C7B52700EDBE78 /* Debug */ = {
			isa = XCBuildConfiguration;
			buildSettings = {
				ALWAYS_SEARCH_USER_PATHS = NO;
				CLANG_ANALYZER_NONNULL = YES;
				CLANG_ANALYZER_NUMBER_OBJECT_CONVERSION = YES_AGGRESSIVE;
				CLANG_CXX_LANGUAGE_STANDARD = "gnu++14";
				CLANG_CXX_LIBRARY = "libc++";
				CLANG_ENABLE_MODULES = YES;
				CLANG_ENABLE_OBJC_ARC = YES;
				CLANG_ENABLE_OBJC_WEAK = YES;
				CLANG_WARN_BLOCK_CAPTURE_AUTORELEASING = YES;
				CLANG_WARN_BOOL_CONVERSION = YES;
				CLANG_WARN_COMMA = YES;
				CLANG_WARN_CONSTANT_CONVERSION = YES;
				CLANG_WARN_DEPRECATED_OBJC_IMPLEMENTATIONS = YES;
				CLANG_WARN_DIRECT_OBJC_ISA_USAGE = YES_ERROR;
				CLANG_WARN_DOCUMENTATION_COMMENTS = YES;
				CLANG_WARN_EMPTY_BODY = YES;
				CLANG_WARN_ENUM_CONVERSION = YES;
				CLANG_WARN_INFINITE_RECURSION = YES;
				CLANG_WARN_INT_CONVERSION = YES;
				CLANG_WARN_NON_LITERAL_NULL_CONVERSION = YES;
				CLANG_WARN_OBJC_IMPLICIT_RETAIN_SELF = YES;
				CLANG_WARN_OBJC_LITERAL_CONVERSION = YES;
				CLANG_WARN_OBJC_ROOT_CLASS = YES_ERROR;
				CLANG_WARN_QUOTED_INCLUDE_IN_FRAMEWORK_HEADER = YES;
				CLANG_WARN_RANGE_LOOP_ANALYSIS = YES;
				CLANG_WARN_STRICT_PROTOTYPES = YES;
				CLANG_WARN_SUSPICIOUS_MOVE = YES;
				CLANG_WARN_UNGUARDED_AVAILABILITY = YES_AGGRESSIVE;
				CLANG_WARN_UNREACHABLE_CODE = YES;
				CLANG_WARN__DUPLICATE_METHOD_MATCH = YES;
				COPY_PHASE_STRIP = NO;
				DEBUG_INFORMATION_FORMAT = dwarf;
				ENABLE_STRICT_OBJC_MSGSEND = YES;
				ENABLE_TESTABILITY = YES;
				GCC_C_LANGUAGE_STANDARD = gnu11;
				GCC_DYNAMIC_NO_PIC = NO;
				GCC_NO_COMMON_BLOCKS = YES;
				GCC_OPTIMIZATION_LEVEL = 0;
				GCC_PREPROCESSOR_DEFINITIONS = (
					"DEBUG=1",
					"$(inherited)",
				);
				GCC_WARN_64_TO_32_BIT_CONVERSION = YES;
				GCC_WARN_ABOUT_RETURN_TYPE = YES_ERROR;
				GCC_WARN_UNDECLARED_SELECTOR = YES;
				GCC_WARN_UNINITIALIZED_AUTOS = YES_AGGRESSIVE;
				GCC_WARN_UNUSED_FUNCTION = YES;
				GCC_WARN_UNUSED_VARIABLE = YES;
				IPHONEOS_DEPLOYMENT_TARGET = 14.3;
				MTL_ENABLE_DEBUG_INFO = INCLUDE_SOURCE;
				MTL_FAST_MATH = YES;
				ONLY_ACTIVE_ARCH = YES;
				SDKROOT = iphoneos;
				SWIFT_ACTIVE_COMPILATION_CONDITIONS = DEBUG;
				SWIFT_OPTIMIZATION_LEVEL = "-Onone";
			};
			name = Debug;
		};
		79DCF68125C7B52700EDBE78 /* Release */ = {
			isa = XCBuildConfiguration;
			buildSettings = {
				ALWAYS_SEARCH_USER_PATHS = NO;
				CLANG_ANALYZER_NONNULL = YES;
				CLANG_ANALYZER_NUMBER_OBJECT_CONVERSION = YES_AGGRESSIVE;
				CLANG_CXX_LANGUAGE_STANDARD = "gnu++14";
				CLANG_CXX_LIBRARY = "libc++";
				CLANG_ENABLE_MODULES = YES;
				CLANG_ENABLE_OBJC_ARC = YES;
				CLANG_ENABLE_OBJC_WEAK = YES;
				CLANG_WARN_BLOCK_CAPTURE_AUTORELEASING = YES;
				CLANG_WARN_BOOL_CONVERSION = YES;
				CLANG_WARN_COMMA = YES;
				CLANG_WARN_CONSTANT_CONVERSION = YES;
				CLANG_WARN_DEPRECATED_OBJC_IMPLEMENTATIONS = YES;
				CLANG_WARN_DIRECT_OBJC_ISA_USAGE = YES_ERROR;
				CLANG_WARN_DOCUMENTATION_COMMENTS = YES;
				CLANG_WARN_EMPTY_BODY = YES;
				CLANG_WARN_ENUM_CONVERSION = YES;
				CLANG_WARN_INFINITE_RECURSION = YES;
				CLANG_WARN_INT_CONVERSION = YES;
				CLANG_WARN_NON_LITERAL_NULL_CONVERSION = YES;
				CLANG_WARN_OBJC_IMPLICIT_RETAIN_SELF = YES;
				CLANG_WARN_OBJC_LITERAL_CONVERSION = YES;
				CLANG_WARN_OBJC_ROOT_CLASS = YES_ERROR;
				CLANG_WARN_QUOTED_INCLUDE_IN_FRAMEWORK_HEADER = YES;
				CLANG_WARN_RANGE_LOOP_ANALYSIS = YES;
				CLANG_WARN_STRICT_PROTOTYPES = YES;
				CLANG_WARN_SUSPICIOUS_MOVE = YES;
				CLANG_WARN_UNGUARDED_AVAILABILITY = YES_AGGRESSIVE;
				CLANG_WARN_UNREACHABLE_CODE = YES;
				CLANG_WARN__DUPLICATE_METHOD_MATCH = YES;
				COPY_PHASE_STRIP = NO;
				DEBUG_INFORMATION_FORMAT = "dwarf-with-dsym";
				ENABLE_NS_ASSERTIONS = NO;
				ENABLE_STRICT_OBJC_MSGSEND = YES;
				GCC_C_LANGUAGE_STANDARD = gnu11;
				GCC_NO_COMMON_BLOCKS = YES;
				GCC_WARN_64_TO_32_BIT_CONVERSION = YES;
				GCC_WARN_ABOUT_RETURN_TYPE = YES_ERROR;
				GCC_WARN_UNDECLARED_SELECTOR = YES;
				GCC_WARN_UNINITIALIZED_AUTOS = YES_AGGRESSIVE;
				GCC_WARN_UNUSED_FUNCTION = YES;
				GCC_WARN_UNUSED_VARIABLE = YES;
				IPHONEOS_DEPLOYMENT_TARGET = 14.3;
				MTL_ENABLE_DEBUG_INFO = NO;
				MTL_FAST_MATH = YES;
				SDKROOT = iphoneos;
				SWIFT_COMPILATION_MODE = wholemodule;
				SWIFT_OPTIMIZATION_LEVEL = "-O";
				VALIDATE_PRODUCT = YES;
			};
			name = Release;
		};
		79DCF68325C7B52700EDBE78 /* Debug */ = {
			isa = XCBuildConfiguration;
			baseConfigurationReference = 999847F5EC669C62CA35C239 /* Pods-Flixster.debug.xcconfig */;
			buildSettings = {
				ASSETCATALOG_COMPILER_APPICON_NAME = AppIcon;
				ASSETCATALOG_COMPILER_GLOBAL_ACCENT_COLOR_NAME = AccentColor;
				CODE_SIGN_STYLE = Automatic;
				INFOPLIST_FILE = Flixster/Info.plist;
				LD_RUNPATH_SEARCH_PATHS = (
					"$(inherited)",
					"@executable_path/Frameworks",
				);
				PRODUCT_BUNDLE_IDENTIFIER = "ebarreto-mendoza.Flixster";
				PRODUCT_NAME = "$(TARGET_NAME)";
				SWIFT_VERSION = 5.0;
				TARGETED_DEVICE_FAMILY = "1,2";
			};
			name = Debug;
		};
		79DCF68425C7B52700EDBE78 /* Release */ = {
			isa = XCBuildConfiguration;
			baseConfigurationReference = B5D6441E9B2E9AE3955BF4F6 /* Pods-Flixster.release.xcconfig */;
			buildSettings = {
				ASSETCATALOG_COMPILER_APPICON_NAME = AppIcon;
				ASSETCATALOG_COMPILER_GLOBAL_ACCENT_COLOR_NAME = AccentColor;
				CODE_SIGN_STYLE = Automatic;
				INFOPLIST_FILE = Flixster/Info.plist;
				LD_RUNPATH_SEARCH_PATHS = (
					"$(inherited)",
					"@executable_path/Frameworks",
				);
				PRODUCT_BUNDLE_IDENTIFIER = "ebarreto-mendoza.Flixster";
				PRODUCT_NAME = "$(TARGET_NAME)";
				SWIFT_VERSION = 5.0;
				TARGETED_DEVICE_FAMILY = "1,2";
			};
			name = Release;
		};
		79DCF68625C7B52700EDBE78 /* Debug */ = {
			isa = XCBuildConfiguration;
			baseConfigurationReference = 061F832D08F22263722FCFA0 /* Pods-FlixsterTests.debug.xcconfig */;
			buildSettings = {
				ALWAYS_EMBED_SWIFT_STANDARD_LIBRARIES = YES;
				BUNDLE_LOADER = "$(TEST_HOST)";
				CODE_SIGN_STYLE = Automatic;
				INFOPLIST_FILE = FlixsterTests/Info.plist;
				IPHONEOS_DEPLOYMENT_TARGET = 14.3;
				LD_RUNPATH_SEARCH_PATHS = (
					"$(inherited)",
					"@executable_path/Frameworks",
					"@loader_path/Frameworks",
				);
				PRODUCT_BUNDLE_IDENTIFIER = "ebarreto-mendoza.FlixsterTests";
				PRODUCT_NAME = "$(TARGET_NAME)";
				SWIFT_VERSION = 5.0;
				TARGETED_DEVICE_FAMILY = "1,2";
				TEST_HOST = "$(BUILT_PRODUCTS_DIR)/Flixster.app/Flixster";
			};
			name = Debug;
		};
		79DCF68725C7B52700EDBE78 /* Release */ = {
			isa = XCBuildConfiguration;
			baseConfigurationReference = 8DCD6D88C52F68BFBC8D63E2 /* Pods-FlixsterTests.release.xcconfig */;
			buildSettings = {
				ALWAYS_EMBED_SWIFT_STANDARD_LIBRARIES = YES;
				BUNDLE_LOADER = "$(TEST_HOST)";
				CODE_SIGN_STYLE = Automatic;
				INFOPLIST_FILE = FlixsterTests/Info.plist;
				IPHONEOS_DEPLOYMENT_TARGET = 14.3;
				LD_RUNPATH_SEARCH_PATHS = (
					"$(inherited)",
					"@executable_path/Frameworks",
					"@loader_path/Frameworks",
				);
				PRODUCT_BUNDLE_IDENTIFIER = "ebarreto-mendoza.FlixsterTests";
				PRODUCT_NAME = "$(TARGET_NAME)";
				SWIFT_VERSION = 5.0;
				TARGETED_DEVICE_FAMILY = "1,2";
				TEST_HOST = "$(BUILT_PRODUCTS_DIR)/Flixster.app/Flixster";
			};
			name = Release;
		};
		79DCF68925C7B52700EDBE78 /* Debug */ = {
			isa = XCBuildConfiguration;
			baseConfigurationReference = 0C1447530F3168BA1F3EBE50 /* Pods-FlixsterUITests.debug.xcconfig */;
			buildSettings = {
				ALWAYS_EMBED_SWIFT_STANDARD_LIBRARIES = YES;
				CODE_SIGN_STYLE = Automatic;
				INFOPLIST_FILE = FlixsterUITests/Info.plist;
				LD_RUNPATH_SEARCH_PATHS = (
					"$(inherited)",
					"@executable_path/Frameworks",
					"@loader_path/Frameworks",
				);
				PRODUCT_BUNDLE_IDENTIFIER = "ebarreto-mendoza.FlixsterUITests";
				PRODUCT_NAME = "$(TARGET_NAME)";
				SWIFT_VERSION = 5.0;
				TARGETED_DEVICE_FAMILY = "1,2";
				TEST_TARGET_NAME = Flixster;
			};
			name = Debug;
		};
		79DCF68A25C7B52700EDBE78 /* Release */ = {
			isa = XCBuildConfiguration;
			baseConfigurationReference = 296278A08AC55C6FB31046D7 /* Pods-FlixsterUITests.release.xcconfig */;
			buildSettings = {
				ALWAYS_EMBED_SWIFT_STANDARD_LIBRARIES = YES;
				CODE_SIGN_STYLE = Automatic;
				INFOPLIST_FILE = FlixsterUITests/Info.plist;
				LD_RUNPATH_SEARCH_PATHS = (
					"$(inherited)",
					"@executable_path/Frameworks",
					"@loader_path/Frameworks",
				);
				PRODUCT_BUNDLE_IDENTIFIER = "ebarreto-mendoza.FlixsterUITests";
				PRODUCT_NAME = "$(TARGET_NAME)";
				SWIFT_VERSION = 5.0;
				TARGETED_DEVICE_FAMILY = "1,2";
				TEST_TARGET_NAME = Flixster;
			};
			name = Release;
		};
/* End XCBuildConfiguration section */

/* Begin XCConfigurationList section */
		79DCF65325C7B52300EDBE78 /* Build configuration list for PBXProject "Flixster" */ = {
			isa = XCConfigurationList;
			buildConfigurations = (
				79DCF68025C7B52700EDBE78 /* Debug */,
				79DCF68125C7B52700EDBE78 /* Release */,
			);
			defaultConfigurationIsVisible = 0;
			defaultConfigurationName = Release;
		};
		79DCF68225C7B52700EDBE78 /* Build configuration list for PBXNativeTarget "Flixster" */ = {
			isa = XCConfigurationList;
			buildConfigurations = (
				79DCF68325C7B52700EDBE78 /* Debug */,
				79DCF68425C7B52700EDBE78 /* Release */,
			);
			defaultConfigurationIsVisible = 0;
			defaultConfigurationName = Release;
		};
		79DCF68525C7B52700EDBE78 /* Build configuration list for PBXNativeTarget "FlixsterTests" */ = {
			isa = XCConfigurationList;
			buildConfigurations = (
				79DCF68625C7B52700EDBE78 /* Debug */,
				79DCF68725C7B52700EDBE78 /* Release */,
			);
			defaultConfigurationIsVisible = 0;
			defaultConfigurationName = Release;
		};
		79DCF68825C7B52700EDBE78 /* Build configuration list for PBXNativeTarget "FlixsterUITests" */ = {
			isa = XCConfigurationList;
			buildConfigurations = (
				79DCF68925C7B52700EDBE78 /* Debug */,
				79DCF68A25C7B52700EDBE78 /* Release */,
			);
			defaultConfigurationIsVisible = 0;
			defaultConfigurationName = Release;
		};
/* End XCConfigurationList section */
	};
	rootObject = 79DCF65025C7B52300EDBE78 /* Project object */;
}
